
Microsoft Visual Studio Solution File, Format Version 12.00
# Visual Studio Version 17
VisualStudioVersion = 17.5.33424.131
MinimumVisualStudioVersion = 10.0.40219.1
Project("{FAE04EC0-301F-11D3-BF4B-00C04F79EFBC}") = "HighlightСolor", "HighlightСolor\HighlightСolor.csproj", "{7521EAF1-1E6E-4654-8C4C-010F038473B3}"
EndProject
Global
	GlobalSection(SolutionConfigurationPlatforms) = preSolution
		Debug|Any CPU = Debug|Any CPU
		Release|Any CPU = Release|Any CPU
	EndGlobalSection
	GlobalSection(ProjectConfigurationPlatforms) = postSolution
		{7521EAF1-1E6E-4654-8C4C-010F038473B3}.Debug|Any CPU.ActiveCfg = Debug|Any CPU
		{7521EAF1-1E6E-4654-8C4C-010F038473B3}.Debug|Any CPU.Build.0 = Debug|Any CPU
		{7521EAF1-1E6E-4654-8C4C-010F038473B3}.Release|Any CPU.ActiveCfg = Release|Any CPU
		{7521EAF1-1E6E-4654-8C4C-010F038473B3}.Release|Any CPU.Build.0 = Release|Any CPU
	EndGlobalSection
	GlobalSection(SolutionProperties) = preSolution
		HideSolutionNode = FALSE
	EndGlobalSection
	GlobalSection(ExtensibilityGlobals) = postSolution
		SolutionGuid = {DF1D51F1-CADC-4BD6-97A6-56E76A934DC9}
	EndGlobalSection
EndGlobal
